<Solution>
  <Folder Name="/src/">
    <File Path="../src/Directory.Build.props" />
    <Project Path="../src/Cirreum.Kernel/Cirreum.Kernel.csproj" />
  </Folder>
  <Folder Name="/tests/">
    <File Path="Directory.Build.props" />
    <Project Path="Cirreum.Kernel.Tests/Cirreum.Kernel.Tests.csproj" />
  </Folder>
</Solution>
